<?xml version="1.0" encoding="utf-8"?>
<Project ToolsVersion="4.0" xmlns="http://schemas.microsoft.com/developer/msbuild/2003">
  <ItemGroup>
    <Filter Include="Form Files">
      <UniqueIdentifier>{99349809-55BA-4b9d-BF79-8FDBB0286EB3}</UniqueIdentifier>
      <Extensions>ui</Extensions>
    </Filter>
    <Filter Include="Resource Files">
      <UniqueIdentifier>{D9D6E242-F8AF-46E4-B9FD-80ECBC20BA3E}</UniqueIdentifier>
      <Extensions>qrc;*</Extensions>
      <ParseFiles>false</ParseFiles>
    </Filter>
    <Filter Include="Generated Files">
      <UniqueIdentifier>{71ED8ED8-ACB9-4CE9-BBE1-E00B30144E11}</UniqueIdentifier>
      <Extensions>moc;h;cpp</Extensions>
      <SourceControlFiles>False</SourceControlFiles>
    </Filter>
    <Filter Include="Generated Files\Debug">
      <UniqueIdentifier>{9c9e4fe0-54c8-4b66-8676-7f2f200174d5}</UniqueIdentifier>
      <Extensions>cpp;moc</Extensions>
      <SourceControlFiles>False</SourceControlFiles>
    </Filter>
    <Filter Include="Generated Files\Release">
      <UniqueIdentifier>{79073050-7c0c-49ef-9547-e11960fb4505}</UniqueIdentifier>
      <Extensions>cpp;moc</Extensions>
      <SourceControlFiles>False</SourceControlFiles>
    </Filter>
    <Filter Include="src">
      <UniqueIdentifier>{7fa26105-9ef2-4e0f-8ce8-47cfbc46bf14}</UniqueIdentifier>
    </Filter>
    <Filter Include="src\ui">
      <UniqueIdentifier>{bca2c3b7-ff42-41a2-b45d-5facc616de7d}</UniqueIdentifier>
    </Filter>
    <Filter Include="src\utils">
      <UniqueIdentifier>{6013b42b-732b-4151-b293-039982b9ab50}</UniqueIdentifier>
    </Filter>
    <Filter Include="src\skin_engine">
      <UniqueIdentifier>{d940cdaa-a30c-4a98-ac2b-fd0b27d66b4d}</UniqueIdentifier>
    </Filter>
  </ItemGroup>
  <ItemGroup>
    <ClCompile Include="GeneratedFiles\qrc_xx_chat_client.cpp">
      <Filter>Generated Files</Filter>
    </ClCompile>
    <ClCompile Include="src\main.cpp">
      <Filter>src</Filter>
    </ClCompile>
    <ClCompile Include="src\xx_chat_client.cpp">
      <Filter>src</Filter>
    </ClCompile>
    <ClCompile Include="GeneratedFiles\Debug\moc_xx_chat_client.cpp">
      <Filter>Generated Files\Debug</Filter>
    </ClCompile>
    <ClCompile Include="GeneratedFiles\Release\moc_xx_chat_client.cpp">
      <Filter>Generated Files\Release</Filter>
    </ClCompile>
    <ClCompile Include="src\main_window.cpp">
      <Filter>src</Filter>
    </ClCompile>
    <ClCompile Include="GeneratedFiles\Debug\moc_main_window.cpp">
      <Filter>Generated Files\Debug</Filter>
    </ClCompile>
    <ClCompile Include="GeneratedFiles\Release\moc_main_window.cpp">
      <Filter>Generated Files\Release</Filter>
    </ClCompile>
    <ClCompile Include="src\utils\menu.cpp">
      <Filter>src\utils</Filter>
    </ClCompile>
    <ClCompile Include="src\login_widget.cpp">
      <Filter>src</Filter>
    </ClCompile>
    <ClCompile Include="GeneratedFiles\Debug\moc_login_widget.cpp">
      <Filter>Generated Files\Debug</Filter>
    </ClCompile>
    <ClCompile Include="GeneratedFiles\Release\moc_login_widget.cpp">
      <Filter>Generated Files\Release</Filter>
    </ClCompile>
    <ClCompile Include="src\global.cpp">
      <Filter>src</Filter>
    </ClCompile>
    <ClCompile Include="src\system_tray.cpp">
      <Filter>src</Filter>
    </ClCompile>
    <ClCompile Include="GeneratedFiles\Debug\moc_system_tray.cpp">
      <Filter>Generated Files\Debug</Filter>
    </ClCompile>
    <ClCompile Include="GeneratedFiles\Release\moc_system_tray.cpp">
      <Filter>Generated Files\Release</Filter>
    </ClCompile>
    <ClCompile Include="src\skin_engine\skin_engine.cpp">
      <Filter>src\skin_engine</Filter>
    </ClCompile>
    <ClCompile Include="GeneratedFiles\Debug\moc_skin_engine.cpp">
      <Filter>Generated Files\Debug</Filter>
    </ClCompile>
    <ClCompile Include="GeneratedFiles\Release\moc_skin_engine.cpp">
      <Filter>Generated Files\Release</Filter>
    </ClCompile>
  </ItemGroup>
  <ItemGroup>
    <CustomBuild Include="xx_chat_client.qrc">
      <Filter>Resource Files</Filter>
    </CustomBuild>
    <CustomBuild Include="src\xx_chat_client.h">
      <Filter>src</Filter>
    </CustomBuild>
    <CustomBuild Include="src\main_window.h">
      <Filter>src</Filter>
    </CustomBuild>
    <CustomBuild Include="xx_chat_client.ui">
      <Filter>Form Files</Filter>
    </CustomBuild>
    <CustomBuild Include="src\login_widget.h">
      <Filter>src</Filter>
    </CustomBuild>
    <CustomBuild Include="src\ui\login_widget.ui">
      <Filter>src\ui</Filter>
    </CustomBuild>
    <CustomBuild Include="src\ui\main_window.ui">
      <Filter>src\ui</Filter>
    </CustomBuild>
    <CustomBuild Include="src\system_tray.h">
      <Filter>src</Filter>
    </CustomBuild>
    <CustomBuild Include="src\skin_engine\skin_engine.h">
      <Filter>src\skin_engine</Filter>
    </CustomBuild>
  </ItemGroup>
  <ItemGroup>
    <ClInclude Include="GeneratedFiles\ui_xx_chat_client.h">
      <Filter>Generated Files</Filter>
    </ClInclude>
    <ClInclude Include="src\utils\menu.h">
      <Filter>src\utils</Filter>
    </ClInclude>
    <ClInclude Include="GeneratedFiles\ui_login_widget.h">
      <Filter>Generated Files</Filter>
    </ClInclude>
    <ClInclude Include="GeneratedFiles\ui_main_window.h">
      <Filter>Generated Files</Filter>
    </ClInclude>
    <ClInclude Include="src\global.h">
      <Filter>src</Filter>
    </ClInclude>
  </ItemGroup>
</Project>