<?xml version="1.0" encoding="utf-8"?>
<Project ToolsVersion="4.0" xmlns="http://schemas.microsoft.com/developer/msbuild/2003">
  <ItemGroup>
    <Filter Include="Resource Files">
      <UniqueIdentifier>{D9D6E242-F8AF-46E4-B9FD-80ECBC20BA3E}</UniqueIdentifier>
      <Extensions>qrc;*</Extensions>
      <ParseFiles>false</ParseFiles>
    </Filter>
    <Filter Include="Resource Files">
      <UniqueIdentifier>{D9D6E242-F8AF-46E4-B9FD-80ECBC20BA3E}</UniqueIdentifier>
      <Extensions>qrc;*</Extensions>
      <ParseFiles>false</ParseFiles>
    </Filter>
    <Filter Include="src">
      <UniqueIdentifier>{a26c7e6e-fe06-4965-8826-65e991a9663c}</UniqueIdentifier>
    </Filter>
    <Filter Include="ui">
      <UniqueIdentifier>{b66379af-6922-48a6-b606-5c10f56e855a}</UniqueIdentifier>
    </Filter>
    <Filter Include="src\login">
      <UniqueIdentifier>{96501ca5-6d39-4971-a9d4-1207c40ff61d}</UniqueIdentifier>
    </Filter>
    <Filter Include="Source Files">
      <UniqueIdentifier>{4FC737F1-C7A5-4376-A066-2A32D752A2FF}</UniqueIdentifier>
      <Extensions>cpp;c;cc;cxx;def;odl;idl;hpj;bat;asm;asmx</Extensions>
      <ParseFiles>true</ParseFiles>
    </Filter>
    <Filter Include="src\core">
      <UniqueIdentifier>{c2336a1f-3c90-415a-81dd-266864ebb917}</UniqueIdentifier>
    </Filter>
    <Filter Include="src\protocol">
      <UniqueIdentifier>{555ac91a-4f3d-48d9-a737-a5e28521faf5}</UniqueIdentifier>
    </Filter>
    <Filter Include="src\user_list">
      <UniqueIdentifier>{e726eb21-4564-4603-961b-fcd1b360a8a2}</UniqueIdentifier>
    </Filter>
  </ItemGroup>
  <ItemGroup>
    <QtRcc Include="xx_chat_client.qrc">
      <Filter>Resource Files</Filter>
    </QtRcc>
  </ItemGroup>
  <ItemGroup>
    <ClCompile Include="src\main.cpp">
      <Filter>src</Filter>
    </ClCompile>
    <ClCompile Include="src\core\operation_manager.cpp">
      <Filter>src\core</Filter>
    </ClCompile>
    <ClCompile Include="src\core\operation.cpp">
      <Filter>src\core</Filter>
    </ClCompile>
    <ClCompile Include="src\core\http_operation.cpp">
      <Filter>src\core</Filter>
    </ClCompile>
    <ClCompile Include="src\core\http_pool_module.cpp">
      <Filter>src\core</Filter>
    </ClCompile>
    <ClCompile Include="src\login\login_http_server_operation.cpp">
      <Filter>src\login</Filter>
    </ClCompile>
    <ClCompile Include="src\login\login_module.cpp">
      <Filter>src\login</Filter>
    </ClCompile>
    <ClCompile Include="src\login\login_win.cpp">
      <Filter>src\login</Filter>
    </ClCompile>
    <ClCompile Include="src\login\login_operation.cpp">
      <Filter>src\login</Filter>
    </ClCompile>
    <ClCompile Include="src\core\tcp_client_module.cpp">
      <Filter>src\core</Filter>
    </ClCompile>
    <ClCompile Include="src\protocol\im.base.pb.cc">
      <Filter>src\protocol</Filter>
    </ClCompile>
    <ClCompile Include="src\protocol\im.login.pb.cc">
      <Filter>src\protocol</Filter>
    </ClCompile>
    <ClCompile Include="src\protocol\im.message.pb.cc">
      <Filter>src\protocol</Filter>
    </ClCompile>
    <ClCompile Include="src\protocol\im.other.pb.cc">
      <Filter>src\protocol</Filter>
    </ClCompile>
    <ClCompile Include="src\protocol\im.server.pb.cc">
      <Filter>src\protocol</Filter>
    </ClCompile>
    <ClCompile Include="src\core\http_client.cpp">
      <Filter>src\core</Filter>
    </ClCompile>
    <ClCompile Include="src\protocol\im.buddy.pb.cc">
      <Filter>src\protocol</Filter>
    </ClCompile>
    <ClCompile Include="src\user_list\user_list_module.cpp">
      <Filter>src\user_list</Filter>
    </ClCompile>
    <ClCompile Include="src\core\module_base.cpp">
      <Filter>src\core</Filter>
    </ClCompile>
    <ClCompile Include="src\core\module_observer.cpp">
      <Filter>src\core</Filter>
    </ClCompile>
    <ClCompile Include="src\core\module_subject.cpp">
      <Filter>src\core</Filter>
    </ClCompile>
    <ClCompile Include="src\core\event_manager.cpp">
      <Filter>src\core</Filter>
    </ClCompile>
    <ClCompile Include="src\main_win.cpp">
      <Filter>src</Filter>
    </ClCompile>
    <ClCompile Include="src\xx_chat.cpp">
      <Filter>src</Filter>
    </ClCompile>
    <ClCompile Include="src\core\event.cpp">
      <Filter>src\core</Filter>
    </ClCompile>
  </ItemGroup>
  <ItemGroup>
    <QtMoc Include="src\login\login_win.h">
      <Filter>src\login</Filter>
    </QtMoc>
    <QtMoc Include="src\main_win.h">
      <Filter>src</Filter>
    </QtMoc>
    <QtMoc Include="src\core\event_manager.h">
      <Filter>src\core</Filter>
    </QtMoc>
    <QtMoc Include="src\xx_chat.h">
      <Filter>src</Filter>
    </QtMoc>
  </ItemGroup>
  <ItemGroup>
    <QtUic Include="ui\login_win.ui">
      <Filter>ui</Filter>
    </QtUic>
    <QtUic Include="ui\xx_chat_client.ui">
      <Filter>ui</Filter>
    </QtUic>
    <QtUic Include="ui\main_win.ui">
      <Filter>ui</Filter>
    </QtUic>
  </ItemGroup>
  <ItemGroup>
    <ClInclude Include="src\core\operation_manager.h">
      <Filter>src\core</Filter>
    </ClInclude>
    <ClInclude Include="src\core\operation.h">
      <Filter>src\core</Filter>
    </ClInclude>
    <ClInclude Include="src\core\http_operation.h">
      <Filter>src\core</Filter>
    </ClInclude>
    <ClInclude Include="src\core\http_pool_module.h">
      <Filter>src\core</Filter>
    </ClInclude>
    <ClInclude Include="src\login\login_http_server_operation.h">
      <Filter>src\login</Filter>
    </ClInclude>
    <ClInclude Include="src\login\login_module.h">
      <Filter>src\login</Filter>
    </ClInclude>
    <ClInclude Include="src\login\login_operation.h">
      <Filter>src\login</Filter>
    </ClInclude>
    <ClInclude Include="src\core\tcp_client_module.h">
      <Filter>src\core</Filter>
    </ClInclude>
    <ClInclude Include="src\protocol\im.base.pb.h">
      <Filter>src\protocol</Filter>
    </ClInclude>
    <ClInclude Include="src\protocol\im.login.pb.h">
      <Filter>src\protocol</Filter>
    </ClInclude>
    <ClInclude Include="src\protocol\im.message.pb.h">
      <Filter>src\protocol</Filter>
    </ClInclude>
    <ClInclude Include="src\protocol\im.other.pb.h">
      <Filter>src\protocol</Filter>
    </ClInclude>
    <ClInclude Include="src\protocol\im.server.pb.h">
      <Filter>src\protocol</Filter>
    </ClInclude>
    <ClInclude Include="src\core\http_client.h">
      <Filter>src\core</Filter>
    </ClInclude>
    <ClInclude Include="src\protocol\im.buddy.pb.h">
      <Filter>src\protocol</Filter>
    </ClInclude>
    <ClInclude Include="src\user_list\user_list_module.h">
      <Filter>src\user_list</Filter>
    </ClInclude>
    <ClInclude Include="src\core\module_base.h">
      <Filter>src\core</Filter>
    </ClInclude>
    <ClInclude Include="src\core\module_observer.h">
      <Filter>src\core</Filter>
    </ClInclude>
    <ClInclude Include="src\core\module_subject.h">
      <Filter>src\core</Filter>
    </ClInclude>
    <ClInclude Include="src\core\event.h">
      <Filter>src\core</Filter>
    </ClInclude>
  </ItemGroup>
</Project>